// !$*UTF8*$!
{
	archiveVersion = 1;
	classes = {
	};
	objectVersion = 55;
	objects = {

/* Begin PBXBuildFile section */
		102A590427B995750016B69E /* AppDelegate.swift in Sources */ = {isa = PBXBuildFile; fileRef = 102A590327B995750016B69E /* AppDelegate.swift */; };
		102A590627B995750016B69E /* SceneDelegate.swift in Sources */ = {isa = PBXBuildFile; fileRef = 102A590527B995750016B69E /* SceneDelegate.swift */; };
		102A590827B995750016B69E /* OperationViewController.swift in Sources */ = {isa = PBXBuildFile; fileRef = 102A590727B995750016B69E /* OperationViewController.swift */; };
		102A590B27B995750016B69E /* Main.storyboard in Resources */ = {isa = PBXBuildFile; fileRef = 102A590927B995750016B69E /* Main.storyboard */; };
		102A590D27B995760016B69E /* Assets.xcassets in Resources */ = {isa = PBXBuildFile; fileRef = 102A590C27B995760016B69E /* Assets.xcassets */; };
		102A591027B995760016B69E /* LaunchScreen.storyboard in Resources */ = {isa = PBXBuildFile; fileRef = 102A590E27B995760016B69E /* LaunchScreen.storyboard */; };
		102A591B27B995760016B69E /* RS_CalculatorTests.swift in Sources */ = {isa = PBXBuildFile; fileRef = 102A591A27B995760016B69E /* RS_CalculatorTests.swift */; };
		102A592527B995760016B69E /* RS_CalculatorUITests.swift in Sources */ = {isa = PBXBuildFile; fileRef = 102A592427B995760016B69E /* RS_CalculatorUITests.swift */; };
		102A592727B995760016B69E /* RS_CalculatorUITestsLaunchTests.swift in Sources */ = {isa = PBXBuildFile; fileRef = 102A592627B995760016B69E /* RS_CalculatorUITestsLaunchTests.swift */; };
		102A593927B999AA0016B69E /* Calculator.swift in Sources */ = {isa = PBXBuildFile; fileRef = 102A593827B999AA0016B69E /* Calculator.swift */; };
		102A593D27B9B10B0016B69E /* OperandViewController.swift in Sources */ = {isa = PBXBuildFile; fileRef = 102A593C27B9B10B0016B69E /* OperandViewController.swift */; };
/* End PBXBuildFile section */

/* Begin PBXContainerItemProxy section */
		102A591727B995760016B69E /* PBXContainerItemProxy */ = {
			isa = PBXContainerItemProxy;
			containerPortal = 102A58F827B995750016B69E /* Project object */;
			proxyType = 1;
			remoteGlobalIDString = 102A58FF27B995750016B69E;
			remoteInfo = RS_Calculator;
		};
		102A592127B995760016B69E /* PBXContainerItemProxy */ = {
			isa = PBXContainerItemProxy;
			containerPortal = 102A58F827B995750016B69E /* Project object */;
			proxyType = 1;
			remoteGlobalIDString = 102A58FF27B995750016B69E;
			remoteInfo = RS_Calculator;
		};
/* End PBXContainerItemProxy section */

/* Begin PBXFileReference section */
		102A590027B995750016B69E /* RS_Calculator.app */ = {isa = PBXFileReference; explicitFileType = wrapper.application; includeInIndex = 0; path = RS_Calculator.app; sourceTree = BUILT_PRODUCTS_DIR; };
		102A590327B995750016B69E /* AppDelegate.swift */ = {isa = PBXFileReference; lastKnownFileType = sourcecode.swift; path = AppDelegate.swift; sourceTree = "<group>"; };
		102A590527B995750016B69E /* SceneDelegate.swift */ = {isa = PBXFileReference; lastKnownFileType = sourcecode.swift; path = SceneDelegate.swift; sourceTree = "<group>"; };
		102A590727B995750016B69E /* OperationViewController.swift */ = {isa = PBXFileReference; lastKnownFileType = sourcecode.swift; path = OperationViewController.swift; sourceTree = "<group>"; };
		102A590A27B995750016B69E /* Base */ = {isa = PBXFileReference; lastKnownFileType = file.storyboard; name = Base; path = Base.lproj/Main.storyboard; sourceTree = "<group>"; };
		102A590C27B995760016B69E /* Assets.xcassets */ = {isa = PBXFileReference; lastKnownFileType = folder.assetcatalog; path = Assets.xcassets; sourceTree = "<group>"; };
		102A590F27B995760016B69E /* Base */ = {isa = PBXFileReference; lastKnownFileType = file.storyboard; name = Base; path = Base.lproj/LaunchScreen.storyboard; sourceTree = "<group>"; };
		102A591127B995760016B69E /* Info.plist */ = {isa = PBXFileReference; lastKnownFileType = text.plist.xml; path = Info.plist; sourceTree = "<group>"; };
		102A591627B995760016B69E /* RS_CalculatorTests.xctest */ = {isa = PBXFileReference; explicitFileType = wrapper.cfbundle; includeInIndex = 0; path = RS_CalculatorTests.xctest; sourceTree = BUILT_PRODUCTS_DIR; };
		102A591A27B995760016B69E /* RS_CalculatorTests.swift */ = {isa = PBXFileReference; lastKnownFileType = sourcecode.swift; path = RS_CalculatorTests.swift; sourceTree = "<group>"; };
		102A592027B995760016B69E /* RS_CalculatorUITests.xctest */ = {isa = PBXFileReference; explicitFileType = wrapper.cfbundle; includeInIndex = 0; path = RS_CalculatorUITests.xctest; sourceTree = BUILT_PRODUCTS_DIR; };
		102A592427B995760016B69E /* RS_CalculatorUITests.swift */ = {isa = PBXFileReference; lastKnownFileType = sourcecode.swift; path = RS_CalculatorUITests.swift; sourceTree = "<group>"; };
		102A592627B995760016B69E /* RS_CalculatorUITestsLaunchTests.swift */ = {isa = PBXFileReference; lastKnownFileType = sourcecode.swift; path = RS_CalculatorUITestsLaunchTests.swift; sourceTree = "<group>"; };
		102A593827B999AA0016B69E /* Calculator.swift */ = {isa = PBXFileReference; lastKnownFileType = sourcecode.swift; path = Calculator.swift; sourceTree = "<group>"; };
		102A593C27B9B10B0016B69E /* OperandViewController.swift */ = {isa = PBXFileReference; lastKnownFileType = sourcecode.swift; path = OperandViewController.swift; sourceTree = "<group>"; };
/* End PBXFileReference section */

/* Begin PBXFrameworksBuildPhase section */
		102A58FD27B995750016B69E /* Frameworks */ = {
			isa = PBXFrameworksBuildPhase;
			buildActionMask = 2147483647;
			files = (
			);
			runOnlyForDeploymentPostprocessing = 0;
		};
		102A591327B995760016B69E /* Frameworks */ = {
			isa = PBXFrameworksBuildPhase;
			buildActionMask = 2147483647;
			files = (
			);
			runOnlyForDeploymentPostprocessing = 0;
		};
		102A591D27B995760016B69E /* Frameworks */ = {
			isa = PBXFrameworksBuildPhase;
			buildActionMask = 2147483647;
			files = (
			);
			runOnlyForDeploymentPostprocessing = 0;
		};
/* End PBXFrameworksBuildPhase section */

/* Begin PBXGroup section */
		102A58F727B995750016B69E = {
			isa = PBXGroup;
			children = (
				102A590227B995750016B69E /* RS_Calculator */,
				102A591927B995760016B69E /* RS_CalculatorTests */,
				102A592327B995760016B69E /* RS_CalculatorUITests */,
				102A590127B995750016B69E /* Products */,
			);
			sourceTree = "<group>";
		};
		102A590127B995750016B69E /* Products */ = {
			isa = PBXGroup;
			children = (
				102A590027B995750016B69E /* RS_Calculator.app */,
				102A591627B995760016B69E /* RS_CalculatorTests.xctest */,
				102A592027B995760016B69E /* RS_CalculatorUITests.xctest */,
			);
			name = Products;
			sourceTree = "<group>";
		};
		102A590227B995750016B69E /* RS_Calculator */ = {
			isa = PBXGroup;
			children = (
				102A593727B996BE0016B69E /* Controller */,
				102A593627B996BB0016B69E /* View */,
				102A593527B996B70016B69E /* Model */,
				102A593427B996B20016B69E /* UI */,
				102A590327B995750016B69E /* AppDelegate.swift */,
				102A590527B995750016B69E /* SceneDelegate.swift */,
				102A591127B995760016B69E /* Info.plist */,
			);
			path = RS_Calculator;
			sourceTree = "<group>";
		};
		102A591927B995760016B69E /* RS_CalculatorTests */ = {
			isa = PBXGroup;
			children = (
				102A591A27B995760016B69E /* RS_CalculatorTests.swift */,
			);
			path = RS_CalculatorTests;
			sourceTree = "<group>";
		};
		102A592327B995760016B69E /* RS_CalculatorUITests */ = {
			isa = PBXGroup;
			children = (
				102A592427B995760016B69E /* RS_CalculatorUITests.swift */,
				102A592627B995760016B69E /* RS_CalculatorUITestsLaunchTests.swift */,
			);
			path = RS_CalculatorUITests;
			sourceTree = "<group>";
		};
		102A593427B996B20016B69E /* UI */ = {
			isa = PBXGroup;
			children = (
				102A590927B995750016B69E /* Main.storyboard */,
				102A590C27B995760016B69E /* Assets.xcassets */,
				102A590E27B995760016B69E /* LaunchScreen.storyboard */,
			);
			path = UI;
			sourceTree = "<group>";
		};
		102A593527B996B70016B69E /* Model */ = {
			isa = PBXGroup;
			children = (
				102A593827B999AA0016B69E /* Calculator.swift */,
			);
			path = Model;
			sourceTree = "<group>";
		};
		102A593627B996BB0016B69E /* View */ = {
			isa = PBXGroup;
			children = (
			);
			path = View;
			sourceTree = "<group>";
		};
		102A593727B996BE0016B69E /* Controller */ = {
			isa = PBXGroup;
			children = (
				102A590727B995750016B69E /* OperationViewController.swift */,
				102A593C27B9B10B0016B69E /* OperandViewController.swift */,
			);
			path = Controller;
			sourceTree = "<group>";
		};
/* End PBXGroup section */

/* Begin PBXNativeTarget section */
		102A58FF27B995750016B69E /* RS_Calculator */ = {
			isa = PBXNativeTarget;
			buildConfigurationList = 102A592A27B995760016B69E /* Build configuration list for PBXNativeTarget "RS_Calculator" */;
			buildPhases = (
				102A58FC27B995750016B69E /* Sources */,
				102A58FD27B995750016B69E /* Frameworks */,
				102A58FE27B995750016B69E /* Resources */,
			);
			buildRules = (
			);
			dependencies = (
			);
			name = RS_Calculator;
			productName = RS_Calculator;
			productReference = 102A590027B995750016B69E /* RS_Calculator.app */;
			productType = "com.apple.product-type.application";
		};
		102A591527B995760016B69E /* RS_CalculatorTests */ = {
			isa = PBXNativeTarget;
			buildConfigurationList = 102A592D27B995760016B69E /* Build configuration list for PBXNativeTarget "RS_CalculatorTests" */;
			buildPhases = (
				102A591227B995760016B69E /* Sources */,
				102A591327B995760016B69E /* Frameworks */,
				102A591427B995760016B69E /* Resources */,
			);
			buildRules = (
			);
			dependencies = (
				102A591827B995760016B69E /* PBXTargetDependency */,
			);
			name = RS_CalculatorTests;
			productName = RS_CalculatorTests;
			productReference = 102A591627B995760016B69E /* RS_CalculatorTests.xctest */;
			productType = "com.apple.product-type.bundle.unit-test";
		};
		102A591F27B995760016B69E /* RS_CalculatorUITests */ = {
			isa = PBXNativeTarget;
			buildConfigurationList = 102A593027B995760016B69E /* Build configuration list for PBXNativeTarget "RS_CalculatorUITests" */;
			buildPhases = (
				102A591C27B995760016B69E /* Sources */,
				102A591D27B995760016B69E /* Frameworks */,
				102A591E27B995760016B69E /* Resources */,
			);
			buildRules = (
			);
			dependencies = (
				102A592227B995760016B69E /* PBXTargetDependency */,
			);
			name = RS_CalculatorUITests;
			productName = RS_CalculatorUITests;
			productReference = 102A592027B995760016B69E /* RS_CalculatorUITests.xctest */;
			productType = "com.apple.product-type.bundle.ui-testing";
		};
/* End PBXNativeTarget section */

/* Begin PBXProject section */
		102A58F827B995750016B69E /* Project object */ = {
			isa = PBXProject;
			attributes = {
				BuildIndependentTargetsInParallel = 1;
				LastSwiftUpdateCheck = 1320;
				LastUpgradeCheck = 1320;
				TargetAttributes = {
					102A58FF27B995750016B69E = {
						CreatedOnToolsVersion = 13.2.1;
					};
					102A591527B995760016B69E = {
						CreatedOnToolsVersion = 13.2.1;
						TestTargetID = 102A58FF27B995750016B69E;
					};
					102A591F27B995760016B69E = {
						CreatedOnToolsVersion = 13.2.1;
						TestTargetID = 102A58FF27B995750016B69E;
					};
				};
			};
			buildConfigurationList = 102A58FB27B995750016B69E /* Build configuration list for PBXProject "RS_Calculator" */;
			compatibilityVersion = "Xcode 13.0";
			developmentRegion = en;
			hasScannedForEncodings = 0;
			knownRegions = (
				en,
				Base,
			);
			mainGroup = 102A58F727B995750016B69E;
			productRefGroup = 102A590127B995750016B69E /* Products */;
			projectDirPath = "";
			projectRoot = "";
			targets = (
				102A58FF27B995750016B69E /* RS_Calculator */,
				102A591527B995760016B69E /* RS_CalculatorTests */,
				102A591F27B995760016B69E /* RS_CalculatorUITests */,
			);
		};
/* End PBXProject section */

/* Begin PBXResourcesBuildPhase section */
		102A58FE27B995750016B69E /* Resources */ = {
			isa = PBXResourcesBuildPhase;
			buildActionMask = 2147483647;
			files = (
				102A591027B995760016B69E /* LaunchScreen.storyboard in Resources */,
				102A590D27B995760016B69E /* Assets.xcassets in Resources */,
				102A590B27B995750016B69E /* Main.storyboard in Resources */,
			);
			runOnlyForDeploymentPostprocessing = 0;
		};
		102A591427B995760016B69E /* Resources */ = {
			isa = PBXResourcesBuildPhase;
			buildActionMask = 2147483647;
			files = (
			);
			runOnlyForDeploymentPostprocessing = 0;
		};
		102A591E27B995760016B69E /* Resources */ = {
			isa = PBXResourcesBuildPhase;
			buildActionMask = 2147483647;
			files = (
			);
			runOnlyForDeploymentPostprocessing = 0;
		};
/* End PBXResourcesBuildPhase section */

/* Begin PBXSourcesBuildPhase section */
		102A58FC27B995750016B69E /* Sources */ = {
			isa = PBXSourcesBuildPhase;
			buildActionMask = 2147483647;
			files = (
				102A590827B995750016B69E /* OperationViewController.swift in Sources */,
				102A593927B999AA0016B69E /* Calculator.swift in Sources */,
				102A590427B995750016B69E /* AppDelegate.swift in Sources */,
				102A593D27B9B10B0016B69E /* OperandViewController.swift in Sources */,
				102A590627B995750016B69E /* SceneDelegate.swift in Sources */,
			);
			runOnlyForDeploymentPostprocessing = 0;
		};
		102A591227B995760016B69E /* Sources */ = {
			isa = PBXSourcesBuildPhase;
			buildActionMask = 2147483647;
			files = (
				102A591B27B995760016B69E /* RS_CalculatorTests.swift in Sources */,
			);
			runOnlyForDeploymentPostprocessing = 0;
		};
		102A591C27B995760016B69E /* Sources */ = {
			isa = PBXSourcesBuildPhase;
			buildActionMask = 2147483647;
			files = (
				102A592527B995760016B69E /* RS_CalculatorUITests.swift in Sources */,
				102A592727B995760016B69E /* RS_CalculatorUITestsLaunchTests.swift in Sources */,
			);
			runOnlyForDeploymentPostprocessing = 0;
		};
/* End PBXSourcesBuildPhase section */

/* Begin PBXTargetDependency section */
		102A591827B995760016B69E /* PBXTargetDependency */ = {
			isa = PBXTargetDependency;
			target = 102A58FF27B995750016B69E /* RS_Calculator */;
			targetProxy = 102A591727B995760016B69E /* PBXContainerItemProxy */;
		};
		102A592227B995760016B69E /* PBXTargetDependency */ = {
			isa = PBXTargetDependency;
			target = 102A58FF27B995750016B69E /* RS_Calculator */;
			targetProxy = 102A592127B995760016B69E /* PBXContainerItemProxy */;
		};
/* End PBXTargetDependency section */

/* Begin PBXVariantGroup section */
		102A590927B995750016B69E /* Main.storyboard */ = {
			isa = PBXVariantGroup;
			children = (
				102A590A27B995750016B69E /* Base */,
			);
			name = Main.storyboard;
			sourceTree = "<group>";
		};
		102A590E27B995760016B69E /* LaunchScreen.storyboard */ = {
			isa = PBXVariantGroup;
			children = (
				102A590F27B995760016B69E /* Base */,
			);
			name = LaunchScreen.storyboard;
			sourceTree = "<group>";
		};
/* End PBXVariantGroup section */

/* Begin XCBuildConfiguration section */
		102A592827B995760016B69E /* Debug */ = {
			isa = XCBuildConfiguration;
			buildSettings = {
				ALWAYS_SEARCH_USER_PATHS = NO;
				CLANG_ANALYZER_NONNULL = YES;
				CLANG_ANALYZER_NUMBER_OBJECT_CONVERSION = YES_AGGRESSIVE;
				CLANG_CXX_LANGUAGE_STANDARD = "gnu++17";
				CLANG_CXX_LIBRARY = "libc++";
				CLANG_ENABLE_MODULES = YES;
				CLANG_ENABLE_OBJC_ARC = YES;
				CLANG_ENABLE_OBJC_WEAK = YES;
				CLANG_WARN_BLOCK_CAPTURE_AUTORELEASING = YES;
				CLANG_WARN_BOOL_CONVERSION = YES;
				CLANG_WARN_COMMA = YES;
				CLANG_WARN_CONSTANT_CONVERSION = YES;
				CLANG_WARN_DEPRECATED_OBJC_IMPLEMENTATIONS = YES;
				CLANG_WARN_DIRECT_OBJC_ISA_USAGE = YES_ERROR;
				CLANG_WARN_DOCUMENTATION_COMMENTS = YES;
				CLANG_WARN_EMPTY_BODY = YES;
				CLANG_WARN_ENUM_CONVERSION = YES;
				CLANG_WARN_INFINITE_RECURSION = YES;
				CLANG_WARN_INT_CONVERSION = YES;
				CLANG_WARN_NON_LITERAL_NULL_CONVERSION = YES;
				CLANG_WARN_OBJC_IMPLICIT_RETAIN_SELF = YES;
				CLANG_WARN_OBJC_LITERAL_CONVERSION = YES;
				CLANG_WARN_OBJC_ROOT_CLASS = YES_ERROR;
				CLANG_WARN_QUOTED_INCLUDE_IN_FRAMEWORK_HEADER = YES;
				CLANG_WARN_RANGE_LOOP_ANALYSIS = YES;
				CLANG_WARN_STRICT_PROTOTYPES = YES;
				CLANG_WARN_SUSPICIOUS_MOVE = YES;
				CLANG_WARN_UNGUARDED_AVAILABILITY = YES_AGGRESSIVE;
				CLANG_WARN_UNREACHABLE_CODE = YES;
				CLANG_WARN__DUPLICATE_METHOD_MATCH = YES;
				COPY_PHASE_STRIP = NO;
				DEBUG_INFORMATION_FORMAT = dwarf;
				ENABLE_STRICT_OBJC_MSGSEND = YES;
				ENABLE_TESTABILITY = YES;
				GCC_C_LANGUAGE_STANDARD = gnu11;
				GCC_DYNAMIC_NO_PIC = NO;
				GCC_NO_COMMON_BLOCKS = YES;
				GCC_OPTIMIZATION_LEVEL = 0;
				GCC_PREPROCESSOR_DEFINITIONS = (
					"DEBUG=1",
					"$(inherited)",
				);
				GCC_WARN_64_TO_32_BIT_CONVERSION = YES;
				GCC_WARN_ABOUT_RETURN_TYPE = YES_ERROR;
				GCC_WARN_UNDECLARED_SELECTOR = YES;
				GCC_WARN_UNINITIALIZED_AUTOS = YES_AGGRESSIVE;
				GCC_WARN_UNUSED_FUNCTION = YES;
				GCC_WARN_UNUSED_VARIABLE = YES;
				IPHONEOS_DEPLOYMENT_TARGET = 15.2;
				MTL_ENABLE_DEBUG_INFO = INCLUDE_SOURCE;
				MTL_FAST_MATH = YES;
				ONLY_ACTIVE_ARCH = YES;
				SDKROOT = iphoneos;
				SWIFT_ACTIVE_COMPILATION_CONDITIONS = DEBUG;
				SWIFT_OPTIMIZATION_LEVEL = "-Onone";
			};
			name = Debug;
		};
		102A592927B995760016B69E /* Release */ = {
			isa = XCBuildConfiguration;
			buildSettings = {
				ALWAYS_SEARCH_USER_PATHS = NO;
				CLANG_ANALYZER_NONNULL = YES;
				CLANG_ANALYZER_NUMBER_OBJECT_CONVERSION = YES_AGGRESSIVE;
				CLANG_CXX_LANGUAGE_STANDARD = "gnu++17";
				CLANG_CXX_LIBRARY = "libc++";
				CLANG_ENABLE_MODULES = YES;
				CLANG_ENABLE_OBJC_ARC = YES;
				CLANG_ENABLE_OBJC_WEAK = YES;
				CLANG_WARN_BLOCK_CAPTURE_AUTORELEASING = YES;
				CLANG_WARN_BOOL_CONVERSION = YES;
				CLANG_WARN_COMMA = YES;
				CLANG_WARN_CONSTANT_CONVERSION = YES;
				CLANG_WARN_DEPRECATED_OBJC_IMPLEMENTATIONS = YES;
				CLANG_WARN_DIRECT_OBJC_ISA_USAGE = YES_ERROR;
				CLANG_WARN_DOCUMENTATION_COMMENTS = YES;
				CLANG_WARN_EMPTY_BODY = YES;
				CLANG_WARN_ENUM_CONVERSION = YES;
				CLANG_WARN_INFINITE_RECURSION = YES;
				CLANG_WARN_INT_CONVERSION = YES;
				CLANG_WARN_NON_LITERAL_NULL_CONVERSION = YES;
				CLANG_WARN_OBJC_IMPLICIT_RETAIN_SELF = YES;
				CLANG_WARN_OBJC_LITERAL_CONVERSION = YES;
				CLANG_WARN_OBJC_ROOT_CLASS = YES_ERROR;
				CLANG_WARN_QUOTED_INCLUDE_IN_FRAMEWORK_HEADER = YES;
				CLANG_WARN_RANGE_LOOP_ANALYSIS = YES;
				CLANG_WARN_STRICT_PROTOTYPES = YES;
				CLANG_WARN_SUSPICIOUS_MOVE = YES;
				CLANG_WARN_UNGUARDED_AVAILABILITY = YES_AGGRESSIVE;
				CLANG_WARN_UNREACHABLE_CODE = YES;
				CLANG_WARN__DUPLICATE_METHOD_MATCH = YES;
				COPY_PHASE_STRIP = NO;
				DEBUG_INFORMATION_FORMAT = "dwarf-with-dsym";
				ENABLE_NS_ASSERTIONS = NO;
				ENABLE_STRICT_OBJC_MSGSEND = YES;
				GCC_C_LANGUAGE_STANDARD = gnu11;
				GCC_NO_COMMON_BLOCKS = YES;
				GCC_WARN_64_TO_32_BIT_CONVERSION = YES;
				GCC_WARN_ABOUT_RETURN_TYPE = YES_ERROR;
				GCC_WARN_UNDECLARED_SELECTOR = YES;
				GCC_WARN_UNINITIALIZED_AUTOS = YES_AGGRESSIVE;
				GCC_WARN_UNUSED_FUNCTION = YES;
				GCC_WARN_UNUSED_VARIABLE = YES;
				IPHONEOS_DEPLOYMENT_TARGET = 15.2;
				MTL_ENABLE_DEBUG_INFO = NO;
				MTL_FAST_MATH = YES;
				SDKROOT = iphoneos;
				SWIFT_COMPILATION_MODE = wholemodule;
				SWIFT_OPTIMIZATION_LEVEL = "-O";
				VALIDATE_PRODUCT = YES;
			};
			name = Release;
		};
		102A592B27B995760016B69E /* Debug */ = {
			isa = XCBuildConfiguration;
			buildSettings = {
				ASSETCATALOG_COMPILER_APPICON_NAME = AppIcon;
				ASSETCATALOG_COMPILER_GLOBAL_ACCENT_COLOR_NAME = AccentColor;
				CODE_SIGN_STYLE = Automatic;
				CURRENT_PROJECT_VERSION = 1;
				DEVELOPMENT_TEAM = U6DZ3D7JD9;
				GENERATE_INFOPLIST_FILE = YES;
				INFOPLIST_FILE = RS_Calculator/Info.plist;
				INFOPLIST_KEY_UIApplicationSupportsIndirectInputEvents = YES;
				INFOPLIST_KEY_UILaunchStoryboardName = LaunchScreen;
				INFOPLIST_KEY_UIMainStoryboardFile = Main;
				INFOPLIST_KEY_UISupportedInterfaceOrientations_iPad = "UIInterfaceOrientationPortrait UIInterfaceOrientationPortraitUpsideDown UIInterfaceOrientationLandscapeLeft UIInterfaceOrientationLandscapeRight";
				INFOPLIST_KEY_UISupportedInterfaceOrientations_iPhone = "UIInterfaceOrientationPortrait UIInterfaceOrientationLandscapeLeft UIInterfaceOrientationLandscapeRight";
				LD_RUNPATH_SEARCH_PATHS = (
					"$(inherited)",
					"@executable_path/Frameworks",
				);
				MARKETING_VERSION = 1.0;
				PRODUCT_BUNDLE_IDENTIFIER = "com.asherahsan.RS-Calculator";
				PRODUCT_NAME = "$(TARGET_NAME)";
				SWIFT_EMIT_LOC_STRINGS = YES;
				SWIFT_VERSION = 5.0;
				TARGETED_DEVICE_FAMILY = "1,2";
			};
			name = Debug;
		};
		102A592C27B995760016B69E /* Release */ = {
			isa = XCBuildConfiguration;
			buildSettings = {
				ASSETCATALOG_COMPILER_APPICON_NAME = AppIcon;
				ASSETCATALOG_COMPILER_GLOBAL_ACCENT_COLOR_NAME = AccentColor;
				CODE_SIGN_STYLE = Automatic;
				CURRENT_PROJECT_VERSION = 1;
				DEVELOPMENT_TEAM = U6DZ3D7JD9;
				GENERATE_INFOPLIST_FILE = YES;
				INFOPLIST_FILE = RS_Calculator/Info.plist;
				INFOPLIST_KEY_UIApplicationSupportsIndirectInputEvents = YES;
				INFOPLIST_KEY_UILaunchStoryboardName = LaunchScreen;
				INFOPLIST_KEY_UIMainStoryboardFile = Main;
				INFOPLIST_KEY_UISupportedInterfaceOrientations_iPad = "UIInterfaceOrientationPortrait UIInterfaceOrientationPortraitUpsideDown UIInterfaceOrientationLandscapeLeft UIInterfaceOrientationLandscapeRight";
				INFOPLIST_KEY_UISupportedInterfaceOrientations_iPhone = "UIInterfaceOrientationPortrait UIInterfaceOrientationLandscapeLeft UIInterfaceOrientationLandscapeRight";
				LD_RUNPATH_SEARCH_PATHS = (
					"$(inherited)",
					"@executable_path/Frameworks",
				);
				MARKETING_VERSION = 1.0;
				PRODUCT_BUNDLE_IDENTIFIER = "com.asherahsan.RS-Calculator";
				PRODUCT_NAME = "$(TARGET_NAME)";
				SWIFT_EMIT_LOC_STRINGS = YES;
				SWIFT_VERSION = 5.0;
				TARGETED_DEVICE_FAMILY = "1,2";
			};
			name = Release;
		};
		102A592E27B995760016B69E /* Debug */ = {
			isa = XCBuildConfiguration;
			buildSettings = {
				ALWAYS_EMBED_SWIFT_STANDARD_LIBRARIES = YES;
				BUNDLE_LOADER = "$(TEST_HOST)";
				CODE_SIGN_STYLE = Automatic;
				CURRENT_PROJECT_VERSION = 1;
				DEVELOPMENT_TEAM = U6DZ3D7JD9;
				GENERATE_INFOPLIST_FILE = YES;
				IPHONEOS_DEPLOYMENT_TARGET = 15.2;
				MARKETING_VERSION = 1.0;
				PRODUCT_BUNDLE_IDENTIFIER = "com.asherahsan.RS-CalculatorTests";
				PRODUCT_NAME = "$(TARGET_NAME)";
				SWIFT_EMIT_LOC_STRINGS = NO;
				SWIFT_VERSION = 5.0;
				TARGETED_DEVICE_FAMILY = "1,2";
				TEST_HOST = "$(BUILT_PRODUCTS_DIR)/RS_Calculator.app/RS_Calculator";
			};
			name = Debug;
		};
		102A592F27B995760016B69E /* Release */ = {
			isa = XCBuildConfiguration;
			buildSettings = {
				ALWAYS_EMBED_SWIFT_STANDARD_LIBRARIES = YES;
				BUNDLE_LOADER = "$(TEST_HOST)";
				CODE_SIGN_STYLE = Automatic;
				CURRENT_PROJECT_VERSION = 1;
				DEVELOPMENT_TEAM = U6DZ3D7JD9;
				GENERATE_INFOPLIST_FILE = YES;
				IPHONEOS_DEPLOYMENT_TARGET = 15.2;
				MARKETING_VERSION = 1.0;
				PRODUCT_BUNDLE_IDENTIFIER = "com.asherahsan.RS-CalculatorTests";
				PRODUCT_NAME = "$(TARGET_NAME)";
				SWIFT_EMIT_LOC_STRINGS = NO;
				SWIFT_VERSION = 5.0;
				TARGETED_DEVICE_FAMILY = "1,2";
				TEST_HOST = "$(BUILT_PRODUCTS_DIR)/RS_Calculator.app/RS_Calculator";
			};
			name = Release;
		};
		102A593127B995760016B69E /* Debug */ = {
			isa = XCBuildConfiguration;
			buildSettings = {
				ALWAYS_EMBED_SWIFT_STANDARD_LIBRARIES = YES;
				CODE_SIGN_STYLE = Automatic;
				CURRENT_PROJECT_VERSION = 1;
				DEVELOPMENT_TEAM = U6DZ3D7JD9;
				GENERATE_INFOPLIST_FILE = YES;
				MARKETING_VERSION = 1.0;
				PRODUCT_BUNDLE_IDENTIFIER = "com.asherahsan.RS-CalculatorUITests";
				PRODUCT_NAME = "$(TARGET_NAME)";
				SWIFT_EMIT_LOC_STRINGS = NO;
				SWIFT_VERSION = 5.0;
				TARGETED_DEVICE_FAMILY = "1,2";
				TEST_TARGET_NAME = RS_Calculator;
			};
			name = Debug;
		};
		102A593227B995760016B69E /* Release */ = {
			isa = XCBuildConfiguration;
			buildSettings = {
				ALWAYS_EMBED_SWIFT_STANDARD_LIBRARIES = YES;
				CODE_SIGN_STYLE = Automatic;
				CURRENT_PROJECT_VERSION = 1;
				DEVELOPMENT_TEAM = U6DZ3D7JD9;
				GENERATE_INFOPLIST_FILE = YES;
				MARKETING_VERSION = 1.0;
				PRODUCT_BUNDLE_IDENTIFIER = "com.asherahsan.RS-CalculatorUITests";
				PRODUCT_NAME = "$(TARGET_NAME)";
				SWIFT_EMIT_LOC_STRINGS = NO;
				SWIFT_VERSION = 5.0;
				TARGETED_DEVICE_FAMILY = "1,2";
				TEST_TARGET_NAME = RS_Calculator;
			};
			name = Release;
		};
/* End XCBuildConfiguration section */

/* Begin XCConfigurationList section */
		102A58FB27B995750016B69E /* Build configuration list for PBXProject "RS_Calculator" */ = {
			isa = XCConfigurationList;
			buildConfigurations = (
				102A592827B995760016B69E /* Debug */,
				102A592927B995760016B69E /* Release */,
			);
			defaultConfigurationIsVisible = 0;
			defaultConfigurationName = Release;
		};
		102A592A27B995760016B69E /* Build configuration list for PBXNativeTarget "RS_Calculator" */ = {
			isa = XCConfigurationList;
			buildConfigurations = (
				102A592B27B995760016B69E /* Debug */,
				102A592C27B995760016B69E /* Release */,
			);
			defaultConfigurationIsVisible = 0;
			defaultConfigurationName = Release;
		};
		102A592D27B995760016B69E /* Build configuration list for PBXNativeTarget "RS_CalculatorTests" */ = {
			isa = XCConfigurationList;
			buildConfigurations = (
				102A592E27B995760016B69E /* Debug */,
				102A592F27B995760016B69E /* Release */,
			);
			defaultConfigurationIsVisible = 0;
			defaultConfigurationName = Release;
		};
		102A593027B995760016B69E /* Build configuration list for PBXNativeTarget "RS_CalculatorUITests" */ = {
			isa = XCConfigurationList;
			buildConfigurations = (
				102A593127B995760016B69E /* Debug */,
				102A593227B995760016B69E /* Release */,
			);
			defaultConfigurationIsVisible = 0;
			defaultConfigurationName = Release;
		};
/* End XCConfigurationList section */
	};
	rootObject = 102A58F827B995750016B69E /* Project object */;
}
